
Microsoft Visual Studio Solution File, Format Version 12.00
# Visual Studio Version 17
VisualStudioVersion = 17.7.34024.191
MinimumVisualStudioVersion = 10.0.40219.1
Project("{FAE04EC0-301F-11D3-BF4B-00C04F79EFBC}") = "VK_notes", "VK_notes\VK_notes.csproj", "{C0ADC2E5-D0D0-43B1-BEED-76FF365D2212}"
EndProject
Global
	GlobalSection(SolutionConfigurationPlatforms) = preSolution
		Debug|Any CPU = Debug|Any CPU
		Release|Any CPU = Release|Any CPU
	EndGlobalSection
	GlobalSection(ProjectConfigurationPlatforms) = postSolution
		{C0ADC2E5-D0D0-43B1-BEED-76FF365D2212}.Debug|Any CPU.ActiveCfg = Debug|Any CPU
		{C0ADC2E5-D0D0-43B1-BEED-76FF365D2212}.Debug|Any CPU.Build.0 = Debug|Any CPU
		{C0ADC2E5-D0D0-43B1-BEED-76FF365D2212}.Release|Any CPU.ActiveCfg = Release|Any CPU
		{C0ADC2E5-D0D0-43B1-BEED-76FF365D2212}.Release|Any CPU.Build.0 = Release|Any CPU
	EndGlobalSection
	GlobalSection(SolutionProperties) = preSolution
		HideSolutionNode = FALSE
	EndGlobalSection
	GlobalSection(ExtensibilityGlobals) = postSolution
		SolutionGuid = {C19AA370-BD7D-4D31-81B9-40CC0D033923}
	EndGlobalSection
EndGlobal
